{
  "name": "cryosphere-innovation-backend",
  "lockfileVersion": 3,
  "requires": true,
  "packages": {
    "": {
      "dependencies": {
        "react-instantsearch-hooks-web": "^6.44.0"
      }
    },
    "node_modules/@algolia/cache-browser-local-storage": {
      "version": "4.17.1",
      "resolved": "https://registry.npmjs.org/@algolia/cache-browser-local-storage/-/cache-browser-local-storage-4.17.1.tgz",
      "integrity": "sha512-e91Jpu93X3t3mVdQwF3ZDjSFMFIfzSc+I76G4EX8nl9RYXgqcjframoL05VTjcD2YCsI18RIHAWVCBoCXVZnrw==",
      "peer": true,
      "dependencies": {
        "@algolia/cache-common": "4.17.1"
      }
    },
    "node_modules/@algolia/cache-common": {
      "version": "4.17.1",
      "resolved": "https://registry.npmjs.org/@algolia/cache-common/-/cache-common-4.17.1.tgz",
      "integrity": "sha512-fvi1WT8aSiGAKrcTw8Qg3RYgcwW8GZMHcqEm4AyDBEy72JZlFBSY80cTQ75MslINjCHXLDT+9EN8AGI9WVY7uA==",
      "peer": true
    },
    "node_modules/@algolia/cache-in-memory": {
      "version": "4.17.1",
      "resolved": "https://registry.npmjs.org/@algolia/cache-in-memory/-/cache-in-memory-4.17.1.tgz",
      "integrity": "sha512-NbBt6eBWlsXc5geSpfPRC5dkIB/0Ptthw8r0yM5Z7D3sPlYdnTZSO9y9XWXIptRMwmZe4cM8iBMN8y0tzbcBkA==",
      "peer": true,
      "dependencies": {
        "@algolia/cache-common": "4.17.1"
      }
    },
    "node_modules/@algolia/client-account": {
      "version": "4.17.1",
      "resolved": "https://registry.npmjs.org/@algolia/client-account/-/client-account-4.17.1.tgz",
      "integrity": "sha512-3rL/6ofJvyL+q8TiWM3qoM9tig+SY4gB1Vbsj+UeJPnJm8Khm+7OS+r+mFraqR6pTehYqN8yGYoE7x4diEn4aA==",
      "peer": true,
      "dependencies": {
        "@algolia/client-common": "4.17.1",
        "@algolia/client-search": "4.17.1",
        "@algolia/transporter": "4.17.1"
      }
    },
    "node_modules/@algolia/client-analytics": {
      "version": "4.17.1",
      "resolved": "https://registry.npmjs.org/@algolia/client-analytics/-/client-analytics-4.17.1.tgz",
      "integrity": "sha512-Bepr2w249vODqeBtM7i++tPmUsQ9B81aupUGbDWmjA/FX+jzQqOdhW8w1CFO5kWViNKTbz2WBIJ9U3x8hOa4bA==",
      "peer": true,
      "dependencies": {
        "@algolia/client-common": "4.17.1",
        "@algolia/client-search": "4.17.1",
        "@algolia/requester-common": "4.17.1",
        "@algolia/transporter": "4.17.1"
      }
    },
    "node_modules/@algolia/client-common": {
      "version": "4.17.1",
      "resolved": "https://registry.npmjs.org/@algolia/client-common/-/client-common-4.17.1.tgz",
      "integrity": "sha512-+r7kg4EgbFnGsDnoGSVNtXZO8xvZ0vzf1WAOV7sqV9PMf1bp6cpJP/3IuPrSk4t5w2KVl+pC8jfTM7HcFlfBEQ==",
      "peer": true,
      "dependencies": {
        "@algolia/requester-common": "4.17.1",
        "@algolia/transporter": "4.17.1"
      }
    },
    "node_modules/@algolia/client-personalization": {
      "version": "4.17.1",
      "resolved": "https://registry.npmjs.org/@algolia/client-personalization/-/client-personalization-4.17.1.tgz",
      "integrity": "sha512-gJku9DG/THJpfsSlG/az0a3QIn+VVff9kKh8PG8+7ZfxOHS+C+Y5YSeZVsC+c2cfoKLPo3CuHIiJ/p86erR3bA==",
      "peer": true,
      "dependencies": {
        "@algolia/client-common": "4.17.1",
        "@algolia/requester-common": "4.17.1",
        "@algolia/transporter": "4.17.1"
      }
    },
    "node_modules/@algolia/client-search": {
      "version": "4.17.1",
      "resolved": "https://registry.npmjs.org/@algolia/client-search/-/client-search-4.17.1.tgz",
      "integrity": "sha512-Q5YfT5gVkx60PZDQBqp/zH9aUbBdC7HVvxupiHUgnCKqRQsRZjOhLest7AI6FahepuZLBZS62COrO7v+JvKY7w==",
      "peer": true,
      "dependencies": {
        "@algolia/client-common": "4.17.1",
        "@algolia/requester-common": "4.17.1",
        "@algolia/transporter": "4.17.1"
      }
    },
    "node_modules/@algolia/events": {
      "version": "4.0.1",
      "resolved": "https://registry.npmjs.org/@algolia/events/-/events-4.0.1.tgz",
      "integrity": "sha512-FQzvOCgoFXAbf5Y6mYozw2aj5KCJoA3m4heImceldzPSMbdyS4atVjJzXKMsfX3wnZTFYwkkt8/z8UesLHlSBQ=="
    },
    "node_modules/@algolia/logger-common": {
      "version": "4.17.1",
      "resolved": "https://registry.npmjs.org/@algolia/logger-common/-/logger-common-4.17.1.tgz",
      "integrity": "sha512-Us28Ot+fLEmX9M96sa65VZ8EyEEzhYPxfhV9aQyKDjfXbUdJlJxKt6wZpoEg9RAPSdO8IjK9nmuW2P8au3rRsg==",
      "peer": true
    },
    "node_modules/@algolia/logger-console": {
      "version": "4.17.1",
      "resolved": "https://registry.npmjs.org/@algolia/logger-console/-/logger-console-4.17.1.tgz",
      "integrity": "sha512-iKGQTpOjHiE64W3JIOu6dmDvn+AfYIElI9jf/Nt6umRPmP/JI9rK+OHUoW4pKrBtdG0DPd62ppeNXzSnLxY6/g==",
      "peer": true,
      "dependencies": {
        "@algolia/logger-common": "4.17.1"
      }
    },
    "node_modules/@algolia/requester-browser-xhr": {
      "version": "4.17.1",
      "resolved": "https://registry.npmjs.org/@algolia/requester-browser-xhr/-/requester-browser-xhr-4.17.1.tgz",
      "integrity": "sha512-W5mGfGDsyfVR+r4pUFrYLGBEM18gs38+GNt5PE5uPULy4uVTSnnVSkJkWeRkmLBk9zEZ/Nld8m4zavK6dtEuYg==",
      "peer": true,
      "dependencies": {
        "@algolia/requester-common": "4.17.1"
      }
    },
    "node_modules/@algolia/requester-common": {
      "version": "4.17.1",
      "resolved": "https://registry.npmjs.org/@algolia/requester-common/-/requester-common-4.17.1.tgz",
      "integrity": "sha512-HggXdjvVFQR0I5l7hM5WdHgQ1tqcRWeyXZz8apQ7zPWZhirmY2E9D6LVhDh/UnWQNEm7nBtM+eMFONJ3bZccIQ==",
      "peer": true
    },
    "node_modules/@algolia/requester-node-http": {
      "version": "4.17.1",
      "resolved": "https://registry.npmjs.org/@algolia/requester-node-http/-/requester-node-http-4.17.1.tgz",
      "integrity": "sha512-NzFWecXT6d0PPsQY9L+/qoK2deF74OLcpvqCH+Vh3mh+QzPsFafcBExdguAjZsAWDn1R6JEeFW7/fo/p0SE57w==",
      "peer": true,
      "dependencies": {
        "@algolia/requester-common": "4.17.1"
      }
    },
    "node_modules/@algolia/transporter": {
      "version": "4.17.1",
      "resolved": "https://registry.npmjs.org/@algolia/transporter/-/transporter-4.17.1.tgz",
      "integrity": "sha512-ZM+qhX47Vh46mWH8/U9ihvy98HdTYpYQDSlqBD7IbiUbbyoCMke+qmdSX2MGhR2FCcXBSxejsJKKVAfbpaLVgg==",
      "peer": true,
      "dependencies": {
        "@algolia/cache-common": "4.17.1",
        "@algolia/logger-common": "4.17.1",
        "@algolia/requester-common": "4.17.1"
      }
    },
    "node_modules/@algolia/ui-components-highlight-vdom": {
      "version": "1.2.1",
      "resolved": "https://registry.npmjs.org/@algolia/ui-components-highlight-vdom/-/ui-components-highlight-vdom-1.2.1.tgz",
      "integrity": "sha512-IlYgIaCUEkz9ezNbwugwKv991oOHhveyq6nzL0F1jDzg1p3q5Yj/vO4KpNG910r2dwGCG3nEm5GtChcLnarhFA==",
      "dependencies": {
        "@algolia/ui-components-shared": "1.2.1",
        "@babel/runtime": "^7.0.0"
      }
    },
    "node_modules/@algolia/ui-components-shared": {
      "version": "1.2.1",
      "resolved": "https://registry.npmjs.org/@algolia/ui-components-shared/-/ui-components-shared-1.2.1.tgz",
      "integrity": "sha512-a7mYHf/GVQfhAx/HRiMveKkFvHspQv/REdG+C/FIOosiSmNZxX7QebDwJkrGSmDWdXO12D0Qv1xn3AytFcEDlQ=="
    },
    "node_modules/@babel/runtime": {
      "version": "7.21.5",
      "resolved": "https://registry.npmjs.org/@babel/runtime/-/runtime-7.21.5.tgz",
      "integrity": "sha512-8jI69toZqqcsnqGGqwGS4Qb1VwLOEp4hz+CXPywcvjs60u3B4Pom/U/7rm4W8tMOYEB+E9wgD0mW1l3r8qlI9Q==",
      "dependencies": {
        "regenerator-runtime": "^0.13.11"
      },
      "engines": {
        "node": ">=6.9.0"
      }
    },
    "node_modules/@types/dom-speech-recognition": {
      "version": "0.0.1",
      "resolved": "https://registry.npmjs.org/@types/dom-speech-recognition/-/dom-speech-recognition-0.0.1.tgz",
      "integrity": "sha512-udCxb8DvjcDKfk1WTBzDsxFbLgYxmQGKrE/ricoMqHRNjSlSUCcamVTA5lIQqzY10mY5qCY0QDwBfFEwhfoDPw=="
    },
    "node_modules/@types/google.maps": {
      "version": "3.53.2",
      "resolved": "https://registry.npmjs.org/@types/google.maps/-/google.maps-3.53.2.tgz",
      "integrity": "sha512-rgTa3R5DyFTcjX4hmuGs0XR+kD4M5tZ14lcyYzDDJGr5h0JYj7DbbNZRZNJKDzZOGH3fOXWpIbZGj3BxZbpmjw=="
    },
    "node_modules/@types/hogan.js": {
      "version": "3.0.1",
      "resolved": "https://registry.npmjs.org/@types/hogan.js/-/hogan.js-3.0.1.tgz",
      "integrity": "sha512-D03i/2OY7kGyMq9wdQ7oD8roE49z/ZCZThe/nbahtvuqCNZY9T2MfedOWyeBdbEpY2W8Gnh/dyJLdFtUCOkYbg=="
    },
    "node_modules/@types/qs": {
      "version": "6.9.7",
      "resolved": "https://registry.npmjs.org/@types/qs/-/qs-6.9.7.tgz",
      "integrity": "sha512-FGa1F62FT09qcrueBA6qYTrJPVDzah9a+493+o2PCXsesWHIn27G98TsSMs3WPNbZIEj4+VJf6saSFpvD+3Zsw=="
    },
    "node_modules/abbrev": {
      "version": "1.1.1",
      "resolved": "https://registry.npmjs.org/abbrev/-/abbrev-1.1.1.tgz",
      "integrity": "sha512-nne9/IiQ/hzIhY6pdDnbBtz7DjPTKrY00P/zvPSm5pOFkl6xuGrGnXn/VtTNNfNtAfZ9/1RtehkszU9qcTii0Q=="
    },
    "node_modules/algoliasearch": {
      "version": "4.17.1",
      "resolved": "https://registry.npmjs.org/algoliasearch/-/algoliasearch-4.17.1.tgz",
      "integrity": "sha512-4GDQ1RhP2qUR3x8PevFRbEdqZqIARNViZYjgTJmA1T7wRNtFA3W4Aqc/RsODqa1J8IO/QDla5x4tWuUS8NV8wA==",
      "peer": true,
      "dependencies": {
        "@algolia/cache-browser-local-storage": "4.17.1",
        "@algolia/cache-common": "4.17.1",
        "@algolia/cache-in-memory": "4.17.1",
        "@algolia/client-account": "4.17.1",
        "@algolia/client-analytics": "4.17.1",
        "@algolia/client-common": "4.17.1",
        "@algolia/client-personalization": "4.17.1",
        "@algolia/client-search": "4.17.1",
        "@algolia/logger-common": "4.17.1",
        "@algolia/logger-console": "4.17.1",
        "@algolia/requester-browser-xhr": "4.17.1",
        "@algolia/requester-common": "4.17.1",
        "@algolia/requester-node-http": "4.17.1",
        "@algolia/transporter": "4.17.1"
      }
    },
    "node_modules/algoliasearch-helper": {
      "version": "3.13.0",
      "resolved": "https://registry.npmjs.org/algoliasearch-helper/-/algoliasearch-helper-3.13.0.tgz",
      "integrity": "sha512-kV3c1jMQCvkARtGsSDvAwuht4PAMSsQILqPiH4WFiARoa3jXJ/r1TQoBWAjWyWF48rsNYCv7kzxgB4LTxrvvuw==",
      "dependencies": {
        "@algolia/events": "^4.0.1"
      },
      "peerDependencies": {
        "algoliasearch": ">= 3.1 < 6"
      }
    },
    "node_modules/hogan.js": {
      "version": "3.0.2",
      "resolved": "https://registry.npmjs.org/hogan.js/-/hogan.js-3.0.2.tgz",
      "integrity": "sha512-RqGs4wavGYJWE07t35JQccByczmNUXQT0E12ZYV1VKYu5UiAU9lsos/yBAcf840+zrUQQxgVduCR5/B8nNtibg==",
      "dependencies": {
        "mkdirp": "0.3.0",
        "nopt": "1.0.10"
      },
      "bin": {
        "hulk": "bin/hulk"
      }
    },
    "node_modules/htm": {
      "version": "3.1.1",
      "resolved": "https://registry.npmjs.org/htm/-/htm-3.1.1.tgz",
      "integrity": "sha512-983Vyg8NwUE7JkZ6NmOqpCZ+sh1bKv2iYTlUkzlWmA5JD2acKoxd4KVxbMmxX/85mtfdnDmTFoNKcg5DGAvxNQ=="
    },
    "node_modules/instantsearch.js": {
      "version": "4.56.0",
      "resolved": "https://registry.npmjs.org/instantsearch.js/-/instantsearch.js-4.56.0.tgz",
      "integrity": "sha512-A50GZjcK9c3o3y49fqOX6ghI4leCPAiz0h5xY/yvU7mMXCwwXZw1BsUbOPM02gDvaUdYvibycW7byVQno3DK1g==",
      "dependencies": {
        "@algolia/events": "^4.0.1",
        "@algolia/ui-components-highlight-vdom": "^1.2.1",
        "@algolia/ui-components-shared": "^1.2.1",
        "@types/dom-speech-recognition": "^0.0.1",
        "@types/google.maps": "^3.45.3",
        "@types/hogan.js": "^3.0.0",
        "@types/qs": "^6.5.3",
        "algoliasearch-helper": "^3.13.0",
        "hogan.js": "^3.0.2",
        "htm": "^3.0.0",
        "preact": "^10.10.0",
        "qs": "^6.5.1 < 6.10",
        "search-insights": "^2.6.0"
      },
      "peerDependencies": {
        "algoliasearch": ">= 3.1 < 6"
      }
    },
    "node_modules/js-tokens": {
      "version": "4.0.0",
      "resolved": "https://registry.npmjs.org/js-tokens/-/js-tokens-4.0.0.tgz",
      "integrity": "sha512-RdJUflcE3cUzKiMqQgsCu06FPu9UdIJO0beYbPhHN4k6apgJtifcoCtT9bcxOpYBtpD2kCM6Sbzg4CausW/PKQ==",
      "peer": true
    },
    "node_modules/loose-envify": {
      "version": "1.4.0",
      "resolved": "https://registry.npmjs.org/loose-envify/-/loose-envify-1.4.0.tgz",
      "integrity": "sha512-lyuxPGr/Wfhrlem2CL/UcnUc1zcqKAImBDzukY7Y5F/yQiNdko6+fRLevlw1HgMySw7f611UIY408EtxRSoK3Q==",
      "peer": true,
      "dependencies": {
        "js-tokens": "^3.0.0 || ^4.0.0"
      },
      "bin": {
        "loose-envify": "cli.js"
      }
    },
    "node_modules/mkdirp": {
      "version": "0.3.0",
      "resolved": "https://registry.npmjs.org/mkdirp/-/mkdirp-0.3.0.tgz",
      "integrity": "sha512-OHsdUcVAQ6pOtg5JYWpCBo9W/GySVuwvP9hueRMW7UqshC0tbfzLv8wjySTPm3tfUZ/21CE9E1pJagOA91Pxew==",
      "deprecated": "Legacy versions of mkdirp are no longer supported. Please update to mkdirp 1.x. (Note that the API surface has changed to use Promises in 1.x.)",
      "engines": {
        "node": "*"
      }
    },
    "node_modules/nopt": {
      "version": "1.0.10",
      "resolved": "https://registry.npmjs.org/nopt/-/nopt-1.0.10.tgz",
      "integrity": "sha512-NWmpvLSqUrgrAC9HCuxEvb+PSloHpqVu+FqcO4eeF2h5qYRhA7ev6KvelyQAKtegUbC6RypJnlEOhd8vloNKYg==",
      "dependencies": {
        "abbrev": "1"
      },
      "bin": {
        "nopt": "bin/nopt.js"
      },
      "engines": {
        "node": "*"
      }
    },
    "node_modules/preact": {
      "version": "10.15.0",
      "resolved": "https://registry.npmjs.org/preact/-/preact-10.15.0.tgz",
      "integrity": "sha512-nZSa8M2R2m1n7nJSBlzDpxRJaIsejrTO1vlFbdpFvyC8qM1iU+On2y0otfoUm6SRB5o0lF0CKDFxg6grEFU0iQ==",
      "funding": {
        "type": "opencollective",
        "url": "https://opencollective.com/preact"
      }
    },
    "node_modules/qs": {
      "version": "6.9.7",
      "resolved": "https://registry.npmjs.org/qs/-/qs-6.9.7.tgz",
      "integrity": "sha512-IhMFgUmuNpyRfxA90umL7ByLlgRXu6tIfKPpF5TmcfRLlLCckfP/g3IQmju6jjpu+Hh8rA+2p6A27ZSPOOHdKw==",
      "engines": {
        "node": ">=0.6"
      },
      "funding": {
        "url": "https://github.com/sponsors/ljharb"
      }
    },
    "node_modules/react": {
      "version": "18.2.0",
      "resolved": "https://registry.npmjs.org/react/-/react-18.2.0.tgz",
      "integrity": "sha512-/3IjMdb2L9QbBdWiW5e3P2/npwMBaU9mHCSCUzNln0ZCYbcfTsGbTJrU/kGemdH2IWmB2ioZ+zkxtmq6g09fGQ==",
      "peer": true,
      "dependencies": {
        "loose-envify": "^1.1.0"
      },
      "engines": {
        "node": ">=0.10.0"
      }
    },
    "node_modules/react-dom": {
      "version": "18.2.0",
      "resolved": "https://registry.npmjs.org/react-dom/-/react-dom-18.2.0.tgz",
      "integrity": "sha512-6IMTriUmvsjHUjNtEDudZfuDQUoWXVxKHhlEGSk81n4YFS+r/Kl99wXiwlVXtPBtJenozv2P+hxDsw9eA7Xo6g==",
      "peer": true,
      "dependencies": {
        "loose-envify": "^1.1.0",
        "scheduler": "^0.23.0"
      },
      "peerDependencies": {
        "react": "^18.2.0"
      }
    },
    "node_modules/react-instantsearch-hooks": {
      "version": "6.44.0",
      "resolved": "https://registry.npmjs.org/react-instantsearch-hooks/-/react-instantsearch-hooks-6.44.0.tgz",
      "integrity": "sha512-1c/cd6OHAe8hP3PBeEUBwdVi6j3lu0AxGR17wun6j+aKC8/7gTyW0LXGUgm54xU5CORez8/OVh0akK+XDxu+9g==",
      "dependencies": {
        "@babel/runtime": "^7.1.2",
        "algoliasearch-helper": "^3.13.0",
        "instantsearch.js": "4.56.0",
        "use-sync-external-store": "^1.0.0"
      },
      "peerDependencies": {
        "algoliasearch": ">= 3.1 < 5",
        "react": ">= 16.8.0 < 19"
      }
    },
    "node_modules/react-instantsearch-hooks-web": {
      "version": "6.44.0",
      "resolved": "https://registry.npmjs.org/react-instantsearch-hooks-web/-/react-instantsearch-hooks-web-6.44.0.tgz",
      "integrity": "sha512-jLCU0r1UtVPEbMIP7YL+qU8Lfoy/Z3nLMDS6iBVn3ybB/IBESjYASJsqYGZ1Yk17W6Dl0TWSIacgQsfu8QcE2Q==",
      "dependencies": {
        "@babel/runtime": "^7.1.2",
        "instantsearch.js": "4.56.0",
        "react-instantsearch-hooks": "6.44.0"
      },
      "peerDependencies": {
        "algoliasearch": ">= 3.1 < 5",
        "react": ">= 16.8.0 < 19",
        "react-dom": ">= 16.8.0 < 19"
      }
    },
    "node_modules/regenerator-runtime": {
      "version": "0.13.11",
      "resolved": "https://registry.npmjs.org/regenerator-runtime/-/regenerator-runtime-0.13.11.tgz",
      "integrity": "sha512-kY1AZVr2Ra+t+piVaJ4gxaFaReZVH40AKNo7UCX6W+dEwBo/2oZJzqfuN1qLq1oL45o56cPaTXELwrTh8Fpggg=="
    },
    "node_modules/scheduler": {
      "version": "0.23.0",
      "resolved": "https://registry.npmjs.org/scheduler/-/scheduler-0.23.0.tgz",
      "integrity": "sha512-CtuThmgHNg7zIZWAXi3AsyIzA3n4xx7aNyjwC2VJldO2LMVDhFK+63xGqq6CsJH4rTAt6/M+N4GhZiDYPx9eUw==",
      "peer": true,
      "dependencies": {
        "loose-envify": "^1.1.0"
      }
    },
    "node_modules/search-insights": {
      "version": "2.6.0",
      "resolved": "https://registry.npmjs.org/search-insights/-/search-insights-2.6.0.tgz",
      "integrity": "sha512-vU2/fJ+h/Mkm/DJOe+EaM5cafJv/1rRTZpGJTuFPf/Q5LjzgMDsqPdSaZsAe+GAWHHsfsu+rQSAn6c8IGtBEVw==",
      "engines": {
        "node": ">=8.16.0"
      }
    },
    "node_modules/use-sync-external-store": {
      "version": "1.2.0",
      "resolved": "https://registry.npmjs.org/use-sync-external-store/-/use-sync-external-store-1.2.0.tgz",
      "integrity": "sha512-eEgnFxGQ1Ife9bzYs6VLi8/4X6CObHMw9Qr9tPY43iKwsPw8xE8+EFsf/2cFZ5S3esXgpWgtSCtLNS41F+sKPA==",
      "peerDependencies": {
        "react": "^16.8.0 || ^17.0.0 || ^18.0.0"
      }
    }
  }
}
